
Microsoft Visual Studio Solution File, Format Version 12.00
# Visual Studio Version 16
VisualStudioVersion = 16.0.31702.278
MinimumVisualStudioVersion = 10.0.40219.1
Project("{2150E333-8FDC-42A3-9474-1A3956D46DE8}") = "Services", "Services", "{0336200A-D2F5-47BC-A8E3-FB99E3C978EE}"
EndProject
Project("{2150E333-8FDC-42A3-9474-1A3956D46DE8}") = "Catalog", "Catalog", "{5857E287-83F6-4316-B337-36C6E905A85B}"
EndProject
Project("{9A19103F-16F7-4668-BE54-9A1E7A4F7556}") = "Catalog.Api", "Services\Catalog\Catalog.Api\Catalog.Api.csproj", "{89C2FD50-DC44-4CE8-8282-0E9FDAA294D6}"
EndProject
Project("{E53339B2-1760-4266-BCC7-CA923CBCF16C}") = "docker-compose", "docker-compose.dcproj", "{9DDCA7F3-69D7-4727-BEC7-9E5540254DFD}"
EndProject
Global
	GlobalSection(SolutionConfigurationPlatforms) = preSolution
		Debug|Any CPU = Debug|Any CPU
		Release|Any CPU = Release|Any CPU
	EndGlobalSection
	GlobalSection(ProjectConfigurationPlatforms) = postSolution
		{89C2FD50-DC44-4CE8-8282-0E9FDAA294D6}.Debug|Any CPU.ActiveCfg = Debug|Any CPU
		{89C2FD50-DC44-4CE8-8282-0E9FDAA294D6}.Debug|Any CPU.Build.0 = Debug|Any CPU
		{89C2FD50-DC44-4CE8-8282-0E9FDAA294D6}.Release|Any CPU.ActiveCfg = Release|Any CPU
		{89C2FD50-DC44-4CE8-8282-0E9FDAA294D6}.Release|Any CPU.Build.0 = Release|Any CPU
		{9DDCA7F3-69D7-4727-BEC7-9E5540254DFD}.Debug|Any CPU.ActiveCfg = Debug|Any CPU
		{9DDCA7F3-69D7-4727-BEC7-9E5540254DFD}.Debug|Any CPU.Build.0 = Debug|Any CPU
		{9DDCA7F3-69D7-4727-BEC7-9E5540254DFD}.Release|Any CPU.ActiveCfg = Release|Any CPU
		{9DDCA7F3-69D7-4727-BEC7-9E5540254DFD}.Release|Any CPU.Build.0 = Release|Any CPU
	EndGlobalSection
	GlobalSection(SolutionProperties) = preSolution
		HideSolutionNode = FALSE
	EndGlobalSection
	GlobalSection(NestedProjects) = preSolution
		{5857E287-83F6-4316-B337-36C6E905A85B} = {0336200A-D2F5-47BC-A8E3-FB99E3C978EE}
		{89C2FD50-DC44-4CE8-8282-0E9FDAA294D6} = {5857E287-83F6-4316-B337-36C6E905A85B}
	EndGlobalSection
	GlobalSection(ExtensibilityGlobals) = postSolution
		SolutionGuid = {00592FB5-E953-4C96-AC18-BB55910368C9}
	EndGlobalSection
EndGlobal
