
Microsoft Visual Studio Solution File, Format Version 12.00
# Visual Studio Version 16
VisualStudioVersion = 16.0.31702.278
MinimumVisualStudioVersion = 10.0.40219.1
Project("{2150E333-8FDC-42A3-9474-1A3956D46DE8}") = "Services", "Services", "{0336200A-D2F5-47BC-A8E3-FB99E3C978EE}"
EndProject
Project("{2150E333-8FDC-42A3-9474-1A3956D46DE8}") = "Catalog", "Catalog", "{5857E287-83F6-4316-B337-36C6E905A85B}"
EndProject
Project("{9A19103F-16F7-4668-BE54-9A1E7A4F7556}") = "Catalog.Api", "Services\Catalog\Catalog.Api\Catalog.Api.csproj", "{89C2FD50-DC44-4CE8-8282-0E9FDAA294D6}"
EndProject
Project("{E53339B2-1760-4266-BCC7-CA923CBCF16C}") = "docker-compose", "docker-compose.dcproj", "{9DDCA7F3-69D7-4727-BEC7-9E5540254DFD}"
EndProject
Project("{2150E333-8FDC-42A3-9474-1A3956D46DE8}") = "Basket", "Basket", "{CDE0C9F0-1D68-4AC8-A598-4502896A8F12}"
EndProject
Project("{9A19103F-16F7-4668-BE54-9A1E7A4F7556}") = "Basket.Api", "Services\Basket\Basket.Api\Basket.Api.csproj", "{EE282BE5-C70E-4E94-A546-0074C77CB143}"
EndProject
Project("{2150E333-8FDC-42A3-9474-1A3956D46DE8}") = "Discount", "Discount", "{DF1878F8-7F0E-4CD8-8BDB-9D9F2E1C82D4}"
EndProject
Project("{9A19103F-16F7-4668-BE54-9A1E7A4F7556}") = "Discount.Api", "Services\Discount\Discount.Api\Discount.Api.csproj", "{701E8323-766B-49E4-A43E-7EFCDEE10F5B}"
EndProject
Project("{9A19103F-16F7-4668-BE54-9A1E7A4F7556}") = "Discount.Grpc", "Services\Discount\Discount.Grpc\Discount.Grpc.csproj", "{88750E1A-A7A8-4DFB-A436-86CE31DF3745}"
EndProject
Project("{2150E333-8FDC-42A3-9474-1A3956D46DE8}") = "Ordering", "Ordering", "{CD9871DC-8407-44CC-99F6-B5CCE1EF69F1}"
EndProject
Project("{9A19103F-16F7-4668-BE54-9A1E7A4F7556}") = "Ordering.Api", "Services\Ordering\Ordering.Api\Ordering.Api.csproj", "{FF998AF4-7FE3-454C-849C-7CDA2BBA8F55}"
EndProject
Project("{9A19103F-16F7-4668-BE54-9A1E7A4F7556}") = "Ordering.Domain", "Services\Ordering\Ordering.Domain\Ordering.Domain.csproj", "{0492E98B-64D0-4A11-AD5D-0D37D2119A56}"
EndProject
Project("{9A19103F-16F7-4668-BE54-9A1E7A4F7556}") = "Ordering.Application", "Services\Ordering\Ordering.Application\Ordering.Application.csproj", "{7B1007CF-FA07-4C95-AD16-9FE9BB487F7F}"
EndProject
Project("{9A19103F-16F7-4668-BE54-9A1E7A4F7556}") = "Ordering.Infrastructure", "Services\Ordering\Ordering.infrastructure\Ordering.Infrastructure.csproj", "{0EBF1AE4-9DB7-4A4C-9EEC-6B9FA5811ED0}"
EndProject
Global
	GlobalSection(SolutionConfigurationPlatforms) = preSolution
		Debug|Any CPU = Debug|Any CPU
		Release|Any CPU = Release|Any CPU
	EndGlobalSection
	GlobalSection(ProjectConfigurationPlatforms) = postSolution
		{89C2FD50-DC44-4CE8-8282-0E9FDAA294D6}.Debug|Any CPU.ActiveCfg = Debug|Any CPU
		{89C2FD50-DC44-4CE8-8282-0E9FDAA294D6}.Debug|Any CPU.Build.0 = Debug|Any CPU
		{89C2FD50-DC44-4CE8-8282-0E9FDAA294D6}.Release|Any CPU.ActiveCfg = Release|Any CPU
		{89C2FD50-DC44-4CE8-8282-0E9FDAA294D6}.Release|Any CPU.Build.0 = Release|Any CPU
		{9DDCA7F3-69D7-4727-BEC7-9E5540254DFD}.Debug|Any CPU.ActiveCfg = Debug|Any CPU
		{9DDCA7F3-69D7-4727-BEC7-9E5540254DFD}.Debug|Any CPU.Build.0 = Debug|Any CPU
		{9DDCA7F3-69D7-4727-BEC7-9E5540254DFD}.Release|Any CPU.ActiveCfg = Release|Any CPU
		{9DDCA7F3-69D7-4727-BEC7-9E5540254DFD}.Release|Any CPU.Build.0 = Release|Any CPU
		{EE282BE5-C70E-4E94-A546-0074C77CB143}.Debug|Any CPU.ActiveCfg = Debug|Any CPU
		{EE282BE5-C70E-4E94-A546-0074C77CB143}.Debug|Any CPU.Build.0 = Debug|Any CPU
		{EE282BE5-C70E-4E94-A546-0074C77CB143}.Release|Any CPU.ActiveCfg = Release|Any CPU
		{EE282BE5-C70E-4E94-A546-0074C77CB143}.Release|Any CPU.Build.0 = Release|Any CPU
		{701E8323-766B-49E4-A43E-7EFCDEE10F5B}.Debug|Any CPU.ActiveCfg = Debug|Any CPU
		{701E8323-766B-49E4-A43E-7EFCDEE10F5B}.Debug|Any CPU.Build.0 = Debug|Any CPU
		{701E8323-766B-49E4-A43E-7EFCDEE10F5B}.Release|Any CPU.ActiveCfg = Release|Any CPU
		{701E8323-766B-49E4-A43E-7EFCDEE10F5B}.Release|Any CPU.Build.0 = Release|Any CPU
		{88750E1A-A7A8-4DFB-A436-86CE31DF3745}.Debug|Any CPU.ActiveCfg = Debug|Any CPU
		{88750E1A-A7A8-4DFB-A436-86CE31DF3745}.Debug|Any CPU.Build.0 = Debug|Any CPU
		{88750E1A-A7A8-4DFB-A436-86CE31DF3745}.Release|Any CPU.ActiveCfg = Release|Any CPU
		{88750E1A-A7A8-4DFB-A436-86CE31DF3745}.Release|Any CPU.Build.0 = Release|Any CPU
		{FF998AF4-7FE3-454C-849C-7CDA2BBA8F55}.Debug|Any CPU.ActiveCfg = Debug|Any CPU
		{FF998AF4-7FE3-454C-849C-7CDA2BBA8F55}.Debug|Any CPU.Build.0 = Debug|Any CPU
		{FF998AF4-7FE3-454C-849C-7CDA2BBA8F55}.Release|Any CPU.ActiveCfg = Release|Any CPU
		{FF998AF4-7FE3-454C-849C-7CDA2BBA8F55}.Release|Any CPU.Build.0 = Release|Any CPU
		{0492E98B-64D0-4A11-AD5D-0D37D2119A56}.Debug|Any CPU.ActiveCfg = Debug|Any CPU
		{0492E98B-64D0-4A11-AD5D-0D37D2119A56}.Debug|Any CPU.Build.0 = Debug|Any CPU
		{0492E98B-64D0-4A11-AD5D-0D37D2119A56}.Release|Any CPU.ActiveCfg = Release|Any CPU
		{0492E98B-64D0-4A11-AD5D-0D37D2119A56}.Release|Any CPU.Build.0 = Release|Any CPU
		{7B1007CF-FA07-4C95-AD16-9FE9BB487F7F}.Debug|Any CPU.ActiveCfg = Debug|Any CPU
		{7B1007CF-FA07-4C95-AD16-9FE9BB487F7F}.Debug|Any CPU.Build.0 = Debug|Any CPU
		{7B1007CF-FA07-4C95-AD16-9FE9BB487F7F}.Release|Any CPU.ActiveCfg = Release|Any CPU
		{7B1007CF-FA07-4C95-AD16-9FE9BB487F7F}.Release|Any CPU.Build.0 = Release|Any CPU
		{0EBF1AE4-9DB7-4A4C-9EEC-6B9FA5811ED0}.Debug|Any CPU.ActiveCfg = Debug|Any CPU
		{0EBF1AE4-9DB7-4A4C-9EEC-6B9FA5811ED0}.Debug|Any CPU.Build.0 = Debug|Any CPU
		{0EBF1AE4-9DB7-4A4C-9EEC-6B9FA5811ED0}.Release|Any CPU.ActiveCfg = Release|Any CPU
		{0EBF1AE4-9DB7-4A4C-9EEC-6B9FA5811ED0}.Release|Any CPU.Build.0 = Release|Any CPU
	EndGlobalSection
	GlobalSection(SolutionProperties) = preSolution
		HideSolutionNode = FALSE
	EndGlobalSection
	GlobalSection(NestedProjects) = preSolution
		{5857E287-83F6-4316-B337-36C6E905A85B} = {0336200A-D2F5-47BC-A8E3-FB99E3C978EE}
		{89C2FD50-DC44-4CE8-8282-0E9FDAA294D6} = {5857E287-83F6-4316-B337-36C6E905A85B}
		{CDE0C9F0-1D68-4AC8-A598-4502896A8F12} = {0336200A-D2F5-47BC-A8E3-FB99E3C978EE}
		{EE282BE5-C70E-4E94-A546-0074C77CB143} = {CDE0C9F0-1D68-4AC8-A598-4502896A8F12}
		{DF1878F8-7F0E-4CD8-8BDB-9D9F2E1C82D4} = {0336200A-D2F5-47BC-A8E3-FB99E3C978EE}
		{701E8323-766B-49E4-A43E-7EFCDEE10F5B} = {DF1878F8-7F0E-4CD8-8BDB-9D9F2E1C82D4}
		{88750E1A-A7A8-4DFB-A436-86CE31DF3745} = {DF1878F8-7F0E-4CD8-8BDB-9D9F2E1C82D4}
		{CD9871DC-8407-44CC-99F6-B5CCE1EF69F1} = {0336200A-D2F5-47BC-A8E3-FB99E3C978EE}
		{FF998AF4-7FE3-454C-849C-7CDA2BBA8F55} = {CD9871DC-8407-44CC-99F6-B5CCE1EF69F1}
		{0492E98B-64D0-4A11-AD5D-0D37D2119A56} = {CD9871DC-8407-44CC-99F6-B5CCE1EF69F1}
		{7B1007CF-FA07-4C95-AD16-9FE9BB487F7F} = {CD9871DC-8407-44CC-99F6-B5CCE1EF69F1}
		{0EBF1AE4-9DB7-4A4C-9EEC-6B9FA5811ED0} = {CD9871DC-8407-44CC-99F6-B5CCE1EF69F1}
	EndGlobalSection
	GlobalSection(ExtensibilityGlobals) = postSolution
		SolutionGuid = {00592FB5-E953-4C96-AC18-BB55910368C9}
	EndGlobalSection
EndGlobal
